// !$*UTF8*$!
{
	archiveVersion = 1;
	classes = {
	};
	objectVersion = 46;
	objects = {

/* Begin PBXBuildFile section */
		1ABF880B154B907600F2BA63 /* UIKit.framework in Frameworks */ = {isa = PBXBuildFile; fileRef = 1ABF880A154B907600F2BA63 /* UIKit.framework */; };
		1ABF880D154B907600F2BA63 /* Foundation.framework in Frameworks */ = {isa = PBXBuildFile; fileRef = 1ABF880C154B907600F2BA63 /* Foundation.framework */; };
		1ABF880F154B907600F2BA63 /* CoreGraphics.framework in Frameworks */ = {isa = PBXBuildFile; fileRef = 1ABF880E154B907600F2BA63 /* CoreGraphics.framework */; };
		1ABF8815154B907600F2BA63 /* InfoPlist.strings in Resources */ = {isa = PBXBuildFile; fileRef = 1ABF8813154B907600F2BA63 /* InfoPlist.strings */; };
		1ABF8817154B907600F2BA63 /* main.m in Sources */ = {isa = PBXBuildFile; fileRef = 1ABF8816154B907600F2BA63 /* main.m */; };
		1ABF881B154B907600F2BA63 /* AppDelegate.m in Sources */ = {isa = PBXBuildFile; fileRef = 1ABF881A154B907600F2BA63 /* AppDelegate.m */; };
		1ABF881E154B907600F2BA63 /* ViewController.m in Sources */ = {isa = PBXBuildFile; fileRef = 1ABF881D154B907600F2BA63 /* ViewController.m */; };
		1ABF8821154B907600F2BA63 /* ViewController_iPhone.xib in Resources */ = {isa = PBXBuildFile; fileRef = 1ABF881F154B907600F2BA63 /* ViewController_iPhone.xib */; };
		1ABF8824154B907600F2BA63 /* ViewController_iPad.xib in Resources */ = {isa = PBXBuildFile; fileRef = 1ABF8822154B907600F2BA63 /* ViewController_iPad.xib */; };
		1ABF8830154BA03900F2BA63 /* CFNetwork.framework in Frameworks */ = {isa = PBXBuildFile; fileRef = 1ABF882F154BA03900F2BA63 /* CFNetwork.framework */; };
		1ABF8831154BA1D700F2BA63 /* GCDAsyncSocket.m in Sources */ = {isa = PBXBuildFile; fileRef = 1ABF882C154B90AA00F2BA63 /* GCDAsyncSocket.m */; };
		1ABF8832154BA1DC00F2BA63 /* GCDAsyncUdpSocket.m in Sources */ = {isa = PBXBuildFile; fileRef = 1ABF882E154B90AA00F2BA63 /* GCDAsyncUdpSocket.m */; };
		1ABF8834154BA25800F2BA63 /* Security.framework in Frameworks */ = {isa = PBXBuildFile; fileRef = 1ABF8833154BA25800F2BA63 /* Security.framework */; };
/* End PBXBuildFile section */

/* Begin PBXFileReference section */
		1ABF8806154B907600F2BA63 /* ReceiptPrinter.app */ = {isa = PBXFileReference; explicitFileType = wrapper.application; includeInIndex = 0; path = ReceiptPrinter.app; sourceTree = BUILT_PRODUCTS_DIR; };
		1ABF880A154B907600F2BA63 /* UIKit.framework */ = {isa = PBXFileReference; lastKnownFileType = wrapper.framework; name = UIKit.framework; path = System/Library/Frameworks/UIKit.framework; sourceTree = SDKROOT; };
		1ABF880C154B907600F2BA63 /* Foundation.framework */ = {isa = PBXFileReference; lastKnownFileType = wrapper.framework; name = Foundation.framework; path = System/Library/Frameworks/Foundation.framework; sourceTree = SDKROOT; };
		1ABF880E154B907600F2BA63 /* CoreGraphics.framework */ = {isa = PBXFileReference; lastKnownFileType = wrapper.framework; name = CoreGraphics.framework; path = System/Library/Frameworks/CoreGraphics.framework; sourceTree = SDKROOT; };
		1ABF8812154B907600F2BA63 /* ReceiptPrinter-Info.plist */ = {isa = PBXFileReference; lastKnownFileType = text.plist.xml; path = "ReceiptPrinter-Info.plist"; sourceTree = "<group>"; };
		1ABF8814154B907600F2BA63 /* en */ = {isa = PBXFileReference; lastKnownFileType = text.plist.strings; name = en; path = en.lproj/InfoPlist.strings; sourceTree = "<group>"; };
		1ABF8816154B907600F2BA63 /* main.m */ = {isa = PBXFileReference; lastKnownFileType = sourcecode.c.objc; path = main.m; sourceTree = "<group>"; };
		1ABF8818154B907600F2BA63 /* ReceiptPrinter-Prefix.pch */ = {isa = PBXFileReference; lastKnownFileType = sourcecode.c.h; path = "ReceiptPrinter-Prefix.pch"; sourceTree = "<group>"; };
		1ABF8819154B907600F2BA63 /* AppDelegate.h */ = {isa = PBXFileReference; lastKnownFileType = sourcecode.c.h; path = AppDelegate.h; sourceTree = "<group>"; };
		1ABF881A154B907600F2BA63 /* AppDelegate.m */ = {isa = PBXFileReference; lastKnownFileType = sourcecode.c.objc; path = AppDelegate.m; sourceTree = "<group>"; };
		1ABF881C154B907600F2BA63 /* ViewController.h */ = {isa = PBXFileReference; lastKnownFileType = sourcecode.c.h; path = ViewController.h; sourceTree = "<group>"; };
		1ABF881D154B907600F2BA63 /* ViewController.m */ = {isa = PBXFileReference; lastKnownFileType = sourcecode.c.objc; path = ViewController.m; sourceTree = "<group>"; };
		1ABF8820154B907600F2BA63 /* en */ = {isa = PBXFileReference; lastKnownFileType = file.xib; name = en; path = en.lproj/ViewController_iPhone.xib; sourceTree = "<group>"; };
		1ABF8823154B907600F2BA63 /* en */ = {isa = PBXFileReference; lastKnownFileType = file.xib; name = en; path = en.lproj/ViewController_iPad.xib; sourceTree = "<group>"; };
		1ABF882B154B90AA00F2BA63 /* GCDAsyncSocket.h */ = {isa = PBXFileReference; lastKnownFileType = sourcecode.c.h; path = GCDAsyncSocket.h; sourceTree = "<group>"; };
		1ABF882C154B90AA00F2BA63 /* GCDAsyncSocket.m */ = {isa = PBXFileReference; lastKnownFileType = sourcecode.c.objc; path = GCDAsyncSocket.m; sourceTree = "<group>"; };
		1ABF882D154B90AA00F2BA63 /* GCDAsyncUdpSocket.h */ = {isa = PBXFileReference; lastKnownFileType = sourcecode.c.h; path = GCDAsyncUdpSocket.h; sourceTree = "<group>"; };
		1ABF882E154B90AA00F2BA63 /* GCDAsyncUdpSocket.m */ = {isa = PBXFileReference; lastKnownFileType = sourcecode.c.objc; path = GCDAsyncUdpSocket.m; sourceTree = "<group>"; };
		1ABF882F154BA03900F2BA63 /* CFNetwork.framework */ = {isa = PBXFileReference; lastKnownFileType = wrapper.framework; name = CFNetwork.framework; path = System/Library/Frameworks/CFNetwork.framework; sourceTree = SDKROOT; };
		1ABF8833154BA25800F2BA63 /* Security.framework */ = {isa = PBXFileReference; lastKnownFileType = wrapper.framework; name = Security.framework; path = System/Library/Frameworks/Security.framework; sourceTree = SDKROOT; };
		1ABF883C1553613000F2BA63 /* Qr.h */ = {isa = PBXFileReference; fileEncoding = 4; lastKnownFileType = sourcecode.c.h; name = Qr.h; path = "../../../../../../Electronics/Arduino/My Code/WiFly_Test/Qr.h"; sourceTree = "<group>"; };
/* End PBXFileReference section */

/* Begin PBXFrameworksBuildPhase section */
		1ABF8803154B907600F2BA63 /* Frameworks */ = {
			isa = PBXFrameworksBuildPhase;
			buildActionMask = 2147483647;
			files = (
				1ABF8834154BA25800F2BA63 /* Security.framework in Frameworks */,
				1ABF8830154BA03900F2BA63 /* CFNetwork.framework in Frameworks */,
				1ABF880B154B907600F2BA63 /* UIKit.framework in Frameworks */,
				1ABF880D154B907600F2BA63 /* Foundation.framework in Frameworks */,
				1ABF880F154B907600F2BA63 /* CoreGraphics.framework in Frameworks */,
			);
			runOnlyForDeploymentPostprocessing = 0;
		};
/* End PBXFrameworksBuildPhase section */

/* Begin PBXGroup section */
		1ABF87FB154B907600F2BA63 = {
			isa = PBXGroup;
			children = (
				1ABF8833154BA25800F2BA63 /* Security.framework */,
				1ABF882F154BA03900F2BA63 /* CFNetwork.framework */,
				1ABF8810154B907600F2BA63 /* ReceiptPrinter */,
				1ABF8809154B907600F2BA63 /* Frameworks */,
				1ABF8807154B907600F2BA63 /* Products */,
			);
			sourceTree = "<group>";
		};
		1ABF8807154B907600F2BA63 /* Products */ = {
			isa = PBXGroup;
			children = (
				1ABF8806154B907600F2BA63 /* ReceiptPrinter.app */,
			);
			name = Products;
			sourceTree = "<group>";
		};
		1ABF8809154B907600F2BA63 /* Frameworks */ = {
			isa = PBXGroup;
			children = (
				1ABF880A154B907600F2BA63 /* UIKit.framework */,
				1ABF880C154B907600F2BA63 /* Foundation.framework */,
				1ABF880E154B907600F2BA63 /* CoreGraphics.framework */,
			);
			name = Frameworks;
			sourceTree = "<group>";
		};
		1ABF8810154B907600F2BA63 /* ReceiptPrinter */ = {
			isa = PBXGroup;
			children = (
				1ABF883C1553613000F2BA63 /* Qr.h */,
				1ABF8819154B907600F2BA63 /* AppDelegate.h */,
				1ABF881A154B907600F2BA63 /* AppDelegate.m */,
				1ABF881C154B907600F2BA63 /* ViewController.h */,
				1ABF881D154B907600F2BA63 /* ViewController.m */,
				1ABF881F154B907600F2BA63 /* ViewController_iPhone.xib */,
				1ABF8822154B907600F2BA63 /* ViewController_iPad.xib */,
				1ABF882A154B909A00F2BA63 /* Socket */,
				1ABF8811154B907600F2BA63 /* Supporting Files */,
			);
			path = ReceiptPrinter;
			sourceTree = "<group>";
		};
		1ABF8811154B907600F2BA63 /* Supporting Files */ = {
			isa = PBXGroup;
			children = (
				1ABF8812154B907600F2BA63 /* ReceiptPrinter-Info.plist */,
				1ABF8813154B907600F2BA63 /* InfoPlist.strings */,
				1ABF8816154B907600F2BA63 /* main.m */,
				1ABF8818154B907600F2BA63 /* ReceiptPrinter-Prefix.pch */,
			);
			name = "Supporting Files";
			sourceTree = "<group>";
		};
		1ABF882A154B909A00F2BA63 /* Socket */ = {
			isa = PBXGroup;
			children = (
				1ABF882B154B90AA00F2BA63 /* GCDAsyncSocket.h */,
				1ABF882C154B90AA00F2BA63 /* GCDAsyncSocket.m */,
				1ABF882D154B90AA00F2BA63 /* GCDAsyncUdpSocket.h */,
				1ABF882E154B90AA00F2BA63 /* GCDAsyncUdpSocket.m */,
			);
			name = Socket;
			sourceTree = "<group>";
		};
/* End PBXGroup section */

/* Begin PBXNativeTarget section */
		1ABF8805154B907600F2BA63 /* ReceiptPrinter */ = {
			isa = PBXNativeTarget;
			buildConfigurationList = 1ABF8827154B907600F2BA63 /* Build configuration list for PBXNativeTarget "ReceiptPrinter" */;
			buildPhases = (
				1ABF8802154B907600F2BA63 /* Sources */,
				1ABF8803154B907600F2BA63 /* Frameworks */,
				1ABF8804154B907600F2BA63 /* Resources */,
			);
			buildRules = (
			);
			dependencies = (
			);
			name = ReceiptPrinter;
			productName = ReceiptPrinter;
			productReference = 1ABF8806154B907600F2BA63 /* ReceiptPrinter.app */;
			productType = "com.apple.product-type.application";
		};
/* End PBXNativeTarget section */

/* Begin PBXProject section */
		1ABF87FD154B907600F2BA63 /* Project object */ = {
			isa = PBXProject;
			attributes = {
				LastUpgradeCheck = 0430;
				ORGANIZATIONNAME = "Pencil Busters, Inc";
			};
			buildConfigurationList = 1ABF8800154B907600F2BA63 /* Build configuration list for PBXProject "ReceiptPrinter" */;
			compatibilityVersion = "Xcode 3.2";
			developmentRegion = English;
			hasScannedForEncodings = 0;
			knownRegions = (
				en,
			);
			mainGroup = 1ABF87FB154B907600F2BA63;
			productRefGroup = 1ABF8807154B907600F2BA63 /* Products */;
			projectDirPath = "";
			projectRoot = "";
			targets = (
				1ABF8805154B907600F2BA63 /* ReceiptPrinter */,
			);
		};
/* End PBXProject section */

/* Begin PBXResourcesBuildPhase section */
		1ABF8804154B907600F2BA63 /* Resources */ = {
			isa = PBXResourcesBuildPhase;
			buildActionMask = 2147483647;
			files = (
				1ABF8815154B907600F2BA63 /* InfoPlist.strings in Resources */,
				1ABF8821154B907600F2BA63 /* ViewController_iPhone.xib in Resources */,
				1ABF8824154B907600F2BA63 /* ViewController_iPad.xib in Resources */,
			);
			runOnlyForDeploymentPostprocessing = 0;
		};
/* End PBXResourcesBuildPhase section */

/* Begin PBXSourcesBuildPhase section */
		1ABF8802154B907600F2BA63 /* Sources */ = {
			isa = PBXSourcesBuildPhase;
			buildActionMask = 2147483647;
			files = (
				1ABF8832154BA1DC00F2BA63 /* GCDAsyncUdpSocket.m in Sources */,
				1ABF8831154BA1D700F2BA63 /* GCDAsyncSocket.m in Sources */,
				1ABF8817154B907600F2BA63 /* main.m in Sources */,
				1ABF881B154B907600F2BA63 /* AppDelegate.m in Sources */,
				1ABF881E154B907600F2BA63 /* ViewController.m in Sources */,
			);
			runOnlyForDeploymentPostprocessing = 0;
		};
/* End PBXSourcesBuildPhase section */

/* Begin PBXVariantGroup section */
		1ABF8813154B907600F2BA63 /* InfoPlist.strings */ = {
			isa = PBXVariantGroup;
			children = (
				1ABF8814154B907600F2BA63 /* en */,
			);
			name = InfoPlist.strings;
			sourceTree = "<group>";
		};
		1ABF881F154B907600F2BA63 /* ViewController_iPhone.xib */ = {
			isa = PBXVariantGroup;
			children = (
				1ABF8820154B907600F2BA63 /* en */,
			);
			name = ViewController_iPhone.xib;
			sourceTree = "<group>";
		};
		1ABF8822154B907600F2BA63 /* ViewController_iPad.xib */ = {
			isa = PBXVariantGroup;
			children = (
				1ABF8823154B907600F2BA63 /* en */,
			);
			name = ViewController_iPad.xib;
			sourceTree = "<group>";
		};
/* End PBXVariantGroup section */

/* Begin XCBuildConfiguration section */
		1ABF8825154B907600F2BA63 /* Debug */ = {
			isa = XCBuildConfiguration;
			buildSettings = {
				ALWAYS_SEARCH_USER_PATHS = NO;
				ARCHS = "$(ARCHS_STANDARD_32_BIT)";
				CLANG_ENABLE_OBJC_ARC = YES;
				"CODE_SIGN_IDENTITY[sdk=iphoneos*]" = "iPhone Developer";
				COPY_PHASE_STRIP = NO;
				GCC_C_LANGUAGE_STANDARD = gnu99;
				GCC_DYNAMIC_NO_PIC = NO;
				GCC_OPTIMIZATION_LEVEL = 0;
				GCC_PREPROCESSOR_DEFINITIONS = (
					"DEBUG=1",
					"$(inherited)",
				);
				GCC_SYMBOLS_PRIVATE_EXTERN = NO;
				GCC_VERSION = com.apple.compilers.llvm.clang.1_0;
				GCC_WARN_ABOUT_RETURN_TYPE = YES;
				GCC_WARN_UNINITIALIZED_AUTOS = YES;
				GCC_WARN_UNUSED_VARIABLE = YES;
				IPHONEOS_DEPLOYMENT_TARGET = 5.1;
				SDKROOT = iphoneos;
				TARGETED_DEVICE_FAMILY = "1,2";
			};
			name = Debug;
		};
		1ABF8826154B907600F2BA63 /* Release */ = {
			isa = XCBuildConfiguration;
			buildSettings = {
				ALWAYS_SEARCH_USER_PATHS = NO;
				ARCHS = "$(ARCHS_STANDARD_32_BIT)";
				CLANG_ENABLE_OBJC_ARC = YES;
				"CODE_SIGN_IDENTITY[sdk=iphoneos*]" = "iPhone Developer";
				COPY_PHASE_STRIP = YES;
				GCC_C_LANGUAGE_STANDARD = gnu99;
				GCC_VERSION = com.apple.compilers.llvm.clang.1_0;
				GCC_WARN_ABOUT_RETURN_TYPE = YES;
				GCC_WARN_UNINITIALIZED_AUTOS = YES;
				GCC_WARN_UNUSED_VARIABLE = YES;
				IPHONEOS_DEPLOYMENT_TARGET = 5.1;
				OTHER_CFLAGS = "-DNS_BLOCK_ASSERTIONS=1";
				SDKROOT = iphoneos;
				TARGETED_DEVICE_FAMILY = "1,2";
				VALIDATE_PRODUCT = YES;
			};
			name = Release;
		};
		1ABF8828154B907600F2BA63 /* Debug */ = {
			isa = XCBuildConfiguration;
			buildSettings = {
				GCC_PRECOMPILE_PREFIX_HEADER = YES;
				GCC_PREFIX_HEADER = "ReceiptPrinter/ReceiptPrinter-Prefix.pch";
				INFOPLIST_FILE = "ReceiptPrinter/ReceiptPrinter-Info.plist";
				PRODUCT_NAME = "$(TARGET_NAME)";
				WRAPPER_EXTENSION = app;
			};
			name = Debug;
		};
		1ABF8829154B907600F2BA63 /* Release */ = {
			isa = XCBuildConfiguration;
			buildSettings = {
				GCC_PRECOMPILE_PREFIX_HEADER = YES;
				GCC_PREFIX_HEADER = "ReceiptPrinter/ReceiptPrinter-Prefix.pch";
				INFOPLIST_FILE = "ReceiptPrinter/ReceiptPrinter-Info.plist";
				PRODUCT_NAME = "$(TARGET_NAME)";
				WRAPPER_EXTENSION = app;
			};
			name = Release;
		};
/* End XCBuildConfiguration section */

/* Begin XCConfigurationList section */
		1ABF8800154B907600F2BA63 /* Build configuration list for PBXProject "ReceiptPrinter" */ = {
			isa = XCConfigurationList;
			buildConfigurations = (
				1ABF8825154B907600F2BA63 /* Debug */,
				1ABF8826154B907600F2BA63 /* Release */,
			);
			defaultConfigurationIsVisible = 0;
			defaultConfigurationName = Release;
		};
		1ABF8827154B907600F2BA63 /* Build configuration list for PBXNativeTarget "ReceiptPrinter" */ = {
			isa = XCConfigurationList;
			buildConfigurations = (
				1ABF8828154B907600F2BA63 /* Debug */,
				1ABF8829154B907600F2BA63 /* Release */,
			);
			defaultConfigurationIsVisible = 0;
			defaultConfigurationName = Release;
		};
/* End XCConfigurationList section */
	};
	rootObject = 1ABF87FD154B907600F2BA63 /* Project object */;
}
